
Microsoft Visual Studio Solution File, Format Version 12.00
# Visual Studio Version 17
VisualStudioVersion = 17.10.35013.160
MinimumVisualStudioVersion = 10.0.40219.1
Project("{9A19103F-16F7-4668-BE54-9A1E7A4F7556}") = "Movi.Infrastructure", "Movi.Infrastructure\Movi.Infrastructure.csproj", "{C8A1D4CE-3256-49D9-93F2-3353EDD5F013}"
EndProject
Project("{9A19103F-16F7-4668-BE54-9A1E7A4F7556}") = "Movi.Core.Domain", "Movi.Core.Domain\Movi.Core.Domain.csproj", "{F0ECCC26-FEBD-4D15-9A80-D21CEFB8E250}"
EndProject
Project("{9A19103F-16F7-4668-BE54-9A1E7A4F7556}") = "Movi.WebAPI", "Movi.WebAPI\Movi.WebAPI.csproj", "{F4022542-B521-4C0A-B1E2-3AC0152486D0}"
EndProject
Project("{9A19103F-16F7-4668-BE54-9A1E7A4F7556}") = "Movi.SeedJob", "Movi.SeedJob\Movi.SeedJob.csproj", "{10BE7222-A18B-41B8-8C8C-C6D8929AB885}"
EndProject
Project("{FAE04EC0-301F-11D3-BF4B-00C04F79EFBC}") = "Movi.Core.Application", "Movi.Core.Application\Movi.Core.Application.csproj", "{23A9CBEA-808D-41F6-9F14-E9700D78CC7C}"
EndProject
Global
	GlobalSection(SolutionConfigurationPlatforms) = preSolution
		Debug|Any CPU = Debug|Any CPU
		Release|Any CPU = Release|Any CPU
	EndGlobalSection
	GlobalSection(ProjectConfigurationPlatforms) = postSolution
		{C8A1D4CE-3256-49D9-93F2-3353EDD5F013}.Debug|Any CPU.ActiveCfg = Debug|Any CPU
		{C8A1D4CE-3256-49D9-93F2-3353EDD5F013}.Debug|Any CPU.Build.0 = Debug|Any CPU
		{C8A1D4CE-3256-49D9-93F2-3353EDD5F013}.Release|Any CPU.ActiveCfg = Release|Any CPU
		{C8A1D4CE-3256-49D9-93F2-3353EDD5F013}.Release|Any CPU.Build.0 = Release|Any CPU
		{F0ECCC26-FEBD-4D15-9A80-D21CEFB8E250}.Debug|Any CPU.ActiveCfg = Debug|Any CPU
		{F0ECCC26-FEBD-4D15-9A80-D21CEFB8E250}.Debug|Any CPU.Build.0 = Debug|Any CPU
		{F0ECCC26-FEBD-4D15-9A80-D21CEFB8E250}.Release|Any CPU.ActiveCfg = Release|Any CPU
		{F0ECCC26-FEBD-4D15-9A80-D21CEFB8E250}.Release|Any CPU.Build.0 = Release|Any CPU
		{F4022542-B521-4C0A-B1E2-3AC0152486D0}.Debug|Any CPU.ActiveCfg = Debug|Any CPU
		{F4022542-B521-4C0A-B1E2-3AC0152486D0}.Debug|Any CPU.Build.0 = Debug|Any CPU
		{F4022542-B521-4C0A-B1E2-3AC0152486D0}.Release|Any CPU.ActiveCfg = Release|Any CPU
		{F4022542-B521-4C0A-B1E2-3AC0152486D0}.Release|Any CPU.Build.0 = Release|Any CPU
		{10BE7222-A18B-41B8-8C8C-C6D8929AB885}.Debug|Any CPU.ActiveCfg = Debug|Any CPU
		{10BE7222-A18B-41B8-8C8C-C6D8929AB885}.Debug|Any CPU.Build.0 = Debug|Any CPU
		{10BE7222-A18B-41B8-8C8C-C6D8929AB885}.Release|Any CPU.ActiveCfg = Release|Any CPU
		{10BE7222-A18B-41B8-8C8C-C6D8929AB885}.Release|Any CPU.Build.0 = Release|Any CPU
		{23A9CBEA-808D-41F6-9F14-E9700D78CC7C}.Debug|Any CPU.ActiveCfg = Debug|Any CPU
		{23A9CBEA-808D-41F6-9F14-E9700D78CC7C}.Debug|Any CPU.Build.0 = Debug|Any CPU
		{23A9CBEA-808D-41F6-9F14-E9700D78CC7C}.Release|Any CPU.ActiveCfg = Release|Any CPU
		{23A9CBEA-808D-41F6-9F14-E9700D78CC7C}.Release|Any CPU.Build.0 = Release|Any CPU
	EndGlobalSection
	GlobalSection(SolutionProperties) = preSolution
		HideSolutionNode = FALSE
	EndGlobalSection
	GlobalSection(ExtensibilityGlobals) = postSolution
		SolutionGuid = {C7F0F6D8-9B9A-49C2-AF0A-14DBCD8E2609}
	EndGlobalSection
EndGlobal
